
Microsoft Visual Studio Solution File, Format Version 12.00
# Visual Studio Version 16
VisualStudioVersion = 16.0.31911.196
MinimumVisualStudioVersion = 10.0.40219.1
Project("{FAE04EC0-301F-11D3-BF4B-00C04F79EFBC}") = "ReactCob", "ReactCob\ReactCob.csproj", "{37778418-A81D-4058-B95E-2D7917B2E3FF}"
EndProject
Global
	GlobalSection(SolutionConfigurationPlatforms) = preSolution
		Debug|Any CPU = Debug|Any CPU
		Release|Any CPU = Release|Any CPU
	EndGlobalSection
	GlobalSection(ProjectConfigurationPlatforms) = postSolution
		{37778418-A81D-4058-B95E-2D7917B2E3FF}.Debug|Any CPU.ActiveCfg = Debug|Any CPU
		{37778418-A81D-4058-B95E-2D7917B2E3FF}.Debug|Any CPU.Build.0 = Debug|Any CPU
		{37778418-A81D-4058-B95E-2D7917B2E3FF}.Release|Any CPU.ActiveCfg = Release|Any CPU
		{37778418-A81D-4058-B95E-2D7917B2E3FF}.Release|Any CPU.Build.0 = Release|Any CPU
	EndGlobalSection
	GlobalSection(SolutionProperties) = preSolution
		HideSolutionNode = FALSE
	EndGlobalSection
	GlobalSection(ExtensibilityGlobals) = postSolution
		SolutionGuid = {348F493E-CEC8-47BE-8C2D-281DDB7FEE09}
	EndGlobalSection
EndGlobal
